PATH
  remote: .
  specs:
    justserpapi (0.1.0)
      faraday (>= 1.0.1, < 3.0)
      faraday-multipart (~> 1.0)
      marcel (~> 1.0)

GEM
  remote: https://rubygems.org/
  specs:
    faraday (2.14.1)
      faraday-net_http (>= 2.0, < 3.5)
      json
      logger
    faraday-multipart (1.2.0)
      multipart-post (~> 2.0)
    faraday-net_http (3.4.2)
      net-http (~> 0.5)
    json (2.19.4)
    logger (1.7.0)
    marcel (1.1.0)
    minitest (5.27.0)
    multipart-post (2.4.1)
    net-http (0.9.1)
      uri (>= 0.11.1)
    rake (13.4.2)
    uri (1.1.1)

PLATFORMS
  x86_64-linux

DEPENDENCIES
  justserpapi!
  minitest (~> 5.22)
  rake (~> 13.0)

BUNDLED WITH
   2.4.19
